<?xml version="1.0" encoding="utf-8"?>
<Project ToolsVersion="4.0" xmlns="http://schemas.microsoft.com/developer/msbuild/2003">
  <ItemGroup>
    <Filter Include="Source Files">
      <UniqueIdentifier>{4FC737F1-C7A5-4376-A066-2A32D752A2FF}</UniqueIdentifier>
      <Extensions>cpp;c;cc;cxx;c++;def;odl;idl;hpj;bat;asm;asmx</Extensions>
    </Filter>
    <Filter Include="Header Files">
      <UniqueIdentifier>{93995380-89BD-4b04-88EB-625FBE52EBFB}</UniqueIdentifier>
      <Extensions>h;hh;hpp;hxx;h++;hm;inl;inc;ipp;xsd</Extensions>
    </Filter>
    <Filter Include="Resource Files">
      <UniqueIdentifier>{67DA6AB6-F800-4c08-8B7A-83BB121AAD01}</UniqueIdentifier>
      <Extensions>rc;ico;cur;bmp;dlg;rc2;rct;bin;rgs;gif;jpg;jpeg;jpe;resx;tiff;tif;png;wav;mfcribbon-ms</Extensions>
    </Filter>
    <Filter Include="Source Files\Touch">
      <UniqueIdentifier>{41025dec-0784-47bb-a251-7c97711cd67a}</UniqueIdentifier>
    </Filter>
    <Filter Include="Source Files\System">
      <UniqueIdentifier>{490b9e8b-0076-4c65-b287-38baee88be17}</UniqueIdentifier>
    </Filter>
    <Filter Include="Source Files\Pen">
      <UniqueIdentifier>{ed35af20-b0f9-4467-88e8-2289a173339f}</UniqueIdentifier>
    </Filter>
    <Filter Include="Header Files\Touch">
      <UniqueIdentifier>{8f41f535-1c85-4d6d-9750-8ff356c20306}</UniqueIdentifier>
    </Filter>
    <Filter Include="Header Files\System">
      <UniqueIdentifier>{fe69cefb-cf71-4c15-b186-4c992ddd6fdc}</UniqueIdentifier>
    </Filter>
    <Filter Include="Header Files\Pen">
      <UniqueIdentifier>{46aa2070-02d2-46ac-8449-206d5eb14211}</UniqueIdentifier>
    </Filter>
  </ItemGroup>
  <ItemGroup>
    <ClInclude Include="framework.h">
      <Filter>Header Files</Filter>
    </ClInclude>
    <ClInclude Include="pch.h">
      <Filter>Header Files</Filter>
    </ClInclude>
    <ClInclude Include="..\..\WT0031_main\Src\touch\algo_types.h">
      <Filter>Header Files\Touch</Filter>
    </ClInclude>
    <ClInclude Include="..\..\WT0031_main\Src\touch\calibration.h">
      <Filter>Header Files\Touch</Filter>
    </ClInclude>
    <ClInclude Include="..\..\WT0031_main\Src\touch\hopping.h">
      <Filter>Header Files\Touch</Filter>
    </ClInclude>
    <ClInclude Include="..\..\WT0031_main\Src\touch\ms_tcon.h">
      <Filter>Header Files\Touch</Filter>
    </ClInclude>
    <ClInclude Include="..\..\WT0031_main\Src\touch\postprocessing.h">
      <Filter>Header Files\Touch</Filter>
    </ClInclude>
    <ClInclude Include="..\..\WT0031_main\Src\touch\ppen.h">
      <Filter>Header Files\Touch</Filter>
    </ClInclude>
    <ClInclude Include="..\..\WT0031_main\Src\touch\region.h">
      <Filter>Header Files\Touch</Filter>
    </ClInclude>
    <ClInclude Include="..\..\WT0031_main\Src\touch\region_labeling.h">
      <Filter>Header Files\Touch</Filter>
    </ClInclude>
    <ClInclude Include="..\..\WT0031_main\Src\touch\tcop.h">
      <Filter>Header Files\Touch</Filter>
    </ClInclude>
    <ClInclude Include="..\..\WT0031_main\Src\touch\tcop_opcode.h">
      <Filter>Header Files\Touch</Filter>
    </ClInclude>
    <ClInclude Include="..\..\WT0031_main\Src\touch\touch.h">
      <Filter>Header Files\Touch</Filter>
    </ClInclude>
    <ClInclude Include="..\..\WT0031_main\Src\touch\tracking.h">
      <Filter>Header Files\Touch</Filter>
    </ClInclude>
    <ClInclude Include="..\..\WT0031_main\Src\touch\tracking_core.h">
      <Filter>Header Files\Touch</Filter>
    </ClInclude>
    <ClInclude Include="..\..\WT0031_main\Src\touch\whck.h">
      <Filter>Header Files\Touch</Filter>
    </ClInclude>
    <ClInclude Include="..\..\WT0031_main\Src\system\anacon.h">
      <Filter>Header Files\System</Filter>
    </ClInclude>
    <ClInclude Include="..\..\WT0031_main\Src\system\approx_math.h">
      <Filter>Header Files\System</Filter>
    </ClInclude>
    <ClInclude Include="..\..\WT0031_main\Src\system\block_access.h">
      <Filter>Header Files\System</Filter>
    </ClInclude>
    <ClInclude Include="..\..\WT0031_main\Src\system\command.h">
      <Filter>Header Files\System</Filter>
    </ClInclude>
    <ClInclude Include="..\..\WT0031_main\Src\system\config.h">
      <Filter>Header Files\System</Filter>
    </ClInclude>
    <ClInclude Include="..\..\WT0031_main\Src\system\data_access.h">
      <Filter>Header Files\System</Filter>
    </ClInclude>
    <ClInclude Include="..\..\WT0031_main\Src\system\dft.h">
      <Filter>Header Files\System</Filter>
    </ClInclude>
    <ClInclude Include="..\..\WT0031_main\Src\system\dump.h">
      <Filter>Header Files\System</Filter>
    </ClInclude>
    <ClInclude Include="..\..\WT0031_main\Src\system\fifo.h">
      <Filter>Header Files\System</Filter>
    </ClInclude>
    <ClInclude Include="..\..\WT0031_main\Src\system\flash_map.h">
      <Filter>Header Files\System</Filter>
    </ClInclude>
    <ClInclude Include="..\..\WT0031_main\Src\system\gpio.h">
      <Filter>Header Files\System</Filter>
    </ClInclude>
    <ClInclude Include="..\..\WT0031_main\Src\system\hid.h">
      <Filter>Header Files\System</Filter>
    </ClInclude>
    <ClInclude Include="..\..\WT0031_main\Src\system\hid_descriptor.h">
      <Filter>Header Files\System</Filter>
    </ClInclude>
    <ClInclude Include="..\..\WT0031_main\Src\system\i2c_slave.h">
      <Filter>Header Files\System</Filter>
    </ClInclude>
    <ClInclude Include="..\..\WT0031_main\Src\system\numeric.h">
      <Filter>Header Files\System</Filter>
    </ClInclude>
    <ClInclude Include="..\..\WT0031_main\Src\system\pipe.h">
      <Filter>Header Files\System</Filter>
    </ClInclude>
    <ClInclude Include="..\..\WT0031_main\Src\system\pmap_info.h">
      <Filter>Header Files\System</Filter>
    </ClInclude>
    <ClInclude Include="..\..\WT0031_main\Src\system\spi_flash.h">
      <Filter>Header Files\System</Filter>
    </ClInclude>
    <ClInclude Include="..\..\WT0031_main\Src\system\spi_master.h">
      <Filter>Header Files\System</Filter>
    </ClInclude>
    <ClInclude Include="..\..\WT0031_main\Src\system\sync_engine.h">
      <Filter>Header Files\System</Filter>
    </ClInclude>
    <ClInclude Include="..\..\WT0031_main\Src\system\syscon.h">
      <Filter>Header Files\System</Filter>
    </ClInclude>
    <ClInclude Include="..\..\WT0031_main\Src\system\uart.h">
      <Filter>Header Files\System</Filter>
    </ClInclude>
    <ClInclude Include="..\..\WT0031_main\Src\system\usb.h">
      <Filter>Header Files\System</Filter>
    </ClInclude>
    <ClInclude Include="..\..\WT0031_main\Src\pen\filter.h">
      <Filter>Header Files\Pen</Filter>
    </ClInclude>
    <ClInclude Include="..\..\WT0031_main\Src\pen\interpolator.h">
      <Filter>Header Files\Pen</Filter>
    </ClInclude>
    <ClInclude Include="..\..\WT0031_main\Src\pen\mpp.h">
      <Filter>Header Files\Pen</Filter>
    </ClInclude>
    <ClInclude Include="..\..\WT0031_main\Src\pen\pen_algo.h">
      <Filter>Header Files\Pen</Filter>
    </ClInclude>
    <ClInclude Include="..\..\WT0031_main\Src\pen\pen_gui_data.h">
      <Filter>Header Files\Pen</Filter>
    </ClInclude>
    <ClInclude Include="..\..\WT0031_main\Src\pen\pen_proc.h">
      <Filter>Header Files\Pen</Filter>
    </ClInclude>
    <ClInclude Include="..\..\WT0031_main\Src\pen\pen_tcon.h">
      <Filter>Header Files\Pen</Filter>
    </ClInclude>
    <ClInclude Include="..\..\WT0031_main\Src\make.h">
      <Filter>Header Files</Filter>
    </ClInclude>
    <ClInclude Include="..\..\WT0031_main\Src\measurement.h">
      <Filter>Header Files</Filter>
    </ClInclude>
    <ClInclude Include="..\..\WT0031_main\Src\system.h">
      <Filter>Header Files</Filter>
    </ClInclude>
    <ClInclude Include="..\..\WT0031_main\Src\types.h">
      <Filter>Header Files</Filter>
    </ClInclude>
  </ItemGroup>
  <ItemGroup>
    <ClCompile Include="pch.c">
      <Filter>Source Files</Filter>
    </ClCompile>
    <ClCompile Include="dllmain.c">
      <Filter>Source Files</Filter>
    </ClCompile>
    <ClCompile Include="..\..\WT0031_main\Src\touch\calibration.c">
      <Filter>Source Files\Touch</Filter>
    </ClCompile>
    <ClCompile Include="..\..\WT0031_main\Src\touch\eft.c">
      <Filter>Source Files\Touch</Filter>
    </ClCompile>
    <ClCompile Include="..\..\WT0031_main\Src\touch\hopping.c">
      <Filter>Source Files\Touch</Filter>
    </ClCompile>
    <ClCompile Include="..\..\WT0031_main\Src\touch\ms_tcon.c">
      <Filter>Source Files\Touch</Filter>
    </ClCompile>
    <ClCompile Include="..\..\WT0031_main\Src\touch\pack_image.c">
      <Filter>Source Files\Touch</Filter>
    </ClCompile>
    <ClCompile Include="..\..\WT0031_main\Src\touch\postprocessing.c">
      <Filter>Source Files\Touch</Filter>
    </ClCompile>
    <ClCompile Include="..\..\WT0031_main\Src\touch\ppen.c">
      <Filter>Source Files\Touch</Filter>
    </ClCompile>
    <ClCompile Include="..\..\WT0031_main\Src\touch\region.c">
      <Filter>Source Files\Touch</Filter>
    </ClCompile>
    <ClCompile Include="..\..\WT0031_main\Src\touch\region_labeling.c">
      <Filter>Source Files\Touch</Filter>
    </ClCompile>
    <ClCompile Include="..\..\WT0031_main\Src\touch\tcop.c">
      <Filter>Source Files\Touch</Filter>
    </ClCompile>
    <ClCompile Include="..\..\WT0031_main\Src\touch\touch_detection.c">
      <Filter>Source Files\Touch</Filter>
    </ClCompile>
    <ClCompile Include="..\..\WT0031_main\Src\touch\touch_frontend.c">
      <Filter>Source Files\Touch</Filter>
    </ClCompile>
    <ClCompile Include="..\..\WT0031_main\Src\touch\touch_timing.c">
      <Filter>Source Files\Touch</Filter>
    </ClCompile>
    <ClCompile Include="..\..\WT0031_main\Src\touch\tracking.c">
      <Filter>Source Files\Touch</Filter>
    </ClCompile>
    <ClCompile Include="..\..\WT0031_main\Src\touch\tracking_core.c">
      <Filter>Source Files\Touch</Filter>
    </ClCompile>
    <ClCompile Include="..\..\WT0031_main\Src\touch\whck.c">
      <Filter>Source Files\Touch</Filter>
    </ClCompile>
    <ClCompile Include="..\..\WT0031_main\Src\system\anacon.c">
      <Filter>Source Files\System</Filter>
    </ClCompile>
    <ClCompile Include="..\..\WT0031_main\Src\system\approx_math.c">
      <Filter>Source Files\System</Filter>
    </ClCompile>
    <ClCompile Include="..\..\WT0031_main\Src\system\block_access.c">
      <Filter>Source Files\System</Filter>
    </ClCompile>
    <ClCompile Include="..\..\WT0031_main\Src\system\command.c">
      <Filter>Source Files\System</Filter>
    </ClCompile>
    <ClCompile Include="..\..\WT0031_main\Src\system\config.c">
      <Filter>Source Files\System</Filter>
    </ClCompile>
    <ClCompile Include="..\..\WT0031_main\Src\system\config_manager.c">
      <Filter>Source Files\System</Filter>
    </ClCompile>
    <ClCompile Include="..\..\WT0031_main\Src\system\error_detect.c">
      <Filter>Source Files\System</Filter>
    </ClCompile>
    <ClCompile Include="..\..\WT0031_main\Src\system\fifo.c">
      <Filter>Source Files\System</Filter>
    </ClCompile>
    <ClCompile Include="..\..\WT0031_main\Src\system\hid.c">
      <Filter>Source Files\System</Filter>
    </ClCompile>
    <ClCompile Include="..\..\WT0031_main\Src\system\hid_descriptor.c">
      <Filter>Source Files\System</Filter>
    </ClCompile>
    <ClCompile Include="..\..\WT0031_main\Src\system\i2c_slave.c">
      <Filter>Source Files\System</Filter>
    </ClCompile>
    <ClCompile Include="..\..\WT0031_main\Src\system\isr.c">
      <Filter>Source Files\System</Filter>
    </ClCompile>
    <ClCompile Include="..\..\WT0031_main\Src\system\pipe.c">
      <Filter>Source Files\System</Filter>
    </ClCompile>
    <ClCompile Include="..\..\WT0031_main\Src\system\spi_flash.c">
      <Filter>Source Files\System</Filter>
    </ClCompile>
    <ClCompile Include="..\..\WT0031_main\Src\system\sync_engine.c">
      <Filter>Source Files\System</Filter>
    </ClCompile>
    <ClCompile Include="..\..\WT0031_main\Src\system\syscon.c">
      <Filter>Source Files\System</Filter>
    </ClCompile>
    <ClCompile Include="..\..\WT0031_main\Src\system\usb.c">
      <Filter>Source Files\System</Filter>
    </ClCompile>
    <ClCompile Include="..\..\WT0031_main\Src\system\watchdog.c">
      <Filter>Source Files\System</Filter>
    </ClCompile>
    <ClCompile Include="..\..\WT0031_main\Src\pen\filter.c">
      <Filter>Source Files\Pen</Filter>
    </ClCompile>
    <ClCompile Include="..\..\WT0031_main\Src\pen\interpolator.c">
      <Filter>Source Files\Pen</Filter>
    </ClCompile>
    <ClCompile Include="..\..\WT0031_main\Src\pen\mpp.c">
      <Filter>Source Files\Pen</Filter>
    </ClCompile>
    <ClCompile Include="..\..\WT0031_main\Src\pen\pen_algo.c">
      <Filter>Source Files\Pen</Filter>
    </ClCompile>
    <ClCompile Include="..\..\WT0031_main\Src\pen\pen_proc.c">
      <Filter>Source Files\Pen</Filter>
    </ClCompile>
    <ClCompile Include="..\..\WT0031_main\Src\doze_mode.c">
      <Filter>Source Files</Filter>
    </ClCompile>
    <ClCompile Include="..\..\WT0031_main\Src\flash_progam.c">
      <Filter>Source Files</Filter>
    </ClCompile>
    <ClCompile Include="..\..\WT0031_main\Src\idle_mode.c">
      <Filter>Source Files</Filter>
    </ClCompile>
    <ClCompile Include="..\..\WT0031_main\Src\Main.c">
      <Filter>Source Files</Filter>
    </ClCompile>
    <ClCompile Include="..\..\WT0031_main\Src\measurement.c">
      <Filter>Source Files</Filter>
    </ClCompile>
    <ClCompile Include="..\..\WT0031_main\Src\sensing.c">
      <Filter>Source Files</Filter>
    </ClCompile>
    <ClCompile Include="..\..\WT0031_main\Src\sleep_mode.c">
      <Filter>Source Files</Filter>
    </ClCompile>
    <ClCompile Include="..\..\WT0031_main\Src\standby_mode.c">
      <Filter>Source Files</Filter>
    </ClCompile>
  </ItemGroup>
</Project>