<?xml version="1.0" encoding="utf-8"?>
<Project ToolsVersion="4.0" xmlns="http://schemas.microsoft.com/developer/msbuild/2003">
  <ItemGroup>
    <Filter Include="Source Files">
      <UniqueIdentifier>{4FC737F1-C7A5-4376-A066-2A32D752A2FF}</UniqueIdentifier>
      <Extensions>cpp;c;cc;cxx;c++;def;odl;idl;hpj;bat;asm;asmx</Extensions>
    </Filter>
    <Filter Include="Header Files">
      <UniqueIdentifier>{93995380-89BD-4b04-88EB-625FBE52EBFB}</UniqueIdentifier>
      <Extensions>h;hh;hpp;hxx;h++;hm;inl;inc;ipp;xsd</Extensions>
    </Filter>
    <Filter Include="Resource Files">
      <UniqueIdentifier>{67DA6AB6-F800-4c08-8B7A-83BB121AAD01}</UniqueIdentifier>
      <Extensions>rc;ico;cur;bmp;dlg;rc2;rct;bin;rgs;gif;jpg;jpeg;jpe;resx;tiff;tif;png;wav;mfcribbon-ms</Extensions>
    </Filter>
    <Filter Include="Source Files\Touch">
      <UniqueIdentifier>{2182b53c-024e-4414-9759-739f78710672}</UniqueIdentifier>
    </Filter>
    <Filter Include="Source Files\System">
      <UniqueIdentifier>{5b3468a3-16d2-4e21-9349-4fa93849e73a}</UniqueIdentifier>
    </Filter>
    <Filter Include="Source Files\Pen">
      <UniqueIdentifier>{79feb019-b80e-4a65-8ab7-5b11f9fab6ea}</UniqueIdentifier>
    </Filter>
    <Filter Include="Header Files\Touch">
      <UniqueIdentifier>{f2a5d094-8be9-471b-8a00-1952da61afe4}</UniqueIdentifier>
    </Filter>
    <Filter Include="Header Files\System">
      <UniqueIdentifier>{bbe46562-a548-42dc-878a-48b366576bad}</UniqueIdentifier>
    </Filter>
    <Filter Include="Header Files\Rom">
      <UniqueIdentifier>{fca38a8f-f6d4-4fde-8bf8-b996ee0d9111}</UniqueIdentifier>
    </Filter>
    <Filter Include="Header Files\Pen">
      <UniqueIdentifier>{be83cb49-4cf2-439f-8b5a-0ffe1ddf143c}</UniqueIdentifier>
    </Filter>
    <Filter Include="Header Files\iTouch">
      <UniqueIdentifier>{325dc4b8-857c-4472-a6e4-ad01bb833e86}</UniqueIdentifier>
    </Filter>
    <Filter Include="Header Files\MP">
      <UniqueIdentifier>{d1d7d3ab-72e9-4bef-9f97-17c31f19b3bd}</UniqueIdentifier>
    </Filter>
  </ItemGroup>
  <ItemGroup>
    <ClInclude Include="framework.h">
      <Filter>Header Files</Filter>
    </ClInclude>
    <ClInclude Include="pch.h">
      <Filter>Header Files</Filter>
    </ClInclude>
    <ClInclude Include="..\..\WT0014\touch\algo_framebuffers.h">
      <Filter>Header Files\Touch</Filter>
    </ClInclude>
    <ClInclude Include="..\..\WT0014\touch\algo_freq_hopping.h">
      <Filter>Header Files\Touch</Filter>
    </ClInclude>
    <ClInclude Include="..\..\WT0014\touch\algo_postprocessing.h">
      <Filter>Header Files\Touch</Filter>
    </ClInclude>
    <ClInclude Include="..\..\WT0014\touch\algo_process.h">
      <Filter>Header Files\Touch</Filter>
    </ClInclude>
    <ClInclude Include="..\..\WT0014\touch\algo_tracking_core.h">
      <Filter>Header Files\Touch</Filter>
    </ClInclude>
    <ClInclude Include="..\..\WT0014\touch\algo_tracking_main.h">
      <Filter>Header Files\Touch</Filter>
    </ClInclude>
    <ClInclude Include="..\..\WT0014\touch\algo_types.h">
      <Filter>Header Files\Touch</Filter>
    </ClInclude>
    <ClInclude Include="..\..\WT0014\touch\algo_whck.h">
      <Filter>Header Files\Touch</Filter>
    </ClInclude>
    <ClInclude Include="..\..\WT0014\touch\touch.h">
      <Filter>Header Files\Touch</Filter>
    </ClInclude>
    <ClInclude Include="..\..\WT0014\touch\touch_detection.h">
      <Filter>Header Files\Touch</Filter>
    </ClInclude>
    <ClInclude Include="..\..\WT0014\touch\touch_misc.h">
      <Filter>Header Files\Touch</Filter>
    </ClInclude>
    <ClInclude Include="..\..\WT0014\touch\touch_region.h">
      <Filter>Header Files\Touch</Filter>
    </ClInclude>
    <ClInclude Include="..\..\WT0014\system\cmd_mode.h">
      <Filter>Header Files\System</Filter>
    </ClInclude>
    <ClInclude Include="..\..\WT0014\system\conf_auto.h">
      <Filter>Header Files\System</Filter>
    </ClInclude>
    <ClInclude Include="..\..\WT0014\system\conf_main.h">
      <Filter>Header Files\System</Filter>
    </ClInclude>
    <ClInclude Include="..\..\WT0014\system\ctrl_main.h">
      <Filter>Header Files\System</Filter>
    </ClInclude>
    <ClInclude Include="..\..\WT0014\system\debug_info.h">
      <Filter>Header Files\System</Filter>
    </ClInclude>
    <ClInclude Include="..\..\WT0014\system\fifo.h">
      <Filter>Header Files\System</Filter>
    </ClInclude>
    <ClInclude Include="..\..\WT0014\system\hid_comm.h">
      <Filter>Header Files\System</Filter>
    </ClInclude>
    <ClInclude Include="..\..\WT0014\system\make.h">
      <Filter>Header Files\System</Filter>
    </ClInclude>
    <ClInclude Include="..\..\WT0014\system\noise_detect_mode.h">
      <Filter>Header Files\System</Filter>
    </ClInclude>
    <ClInclude Include="..\..\WT0014\system\overlay_manager.h">
      <Filter>Header Files\System</Filter>
    </ClInclude>
    <ClInclude Include="..\..\WT0014\system\pen_sensor.h">
      <Filter>Header Files\System</Filter>
    </ClInclude>
    <ClInclude Include="..\..\WT0014\system\pen_sensor_config.h">
      <Filter>Header Files\System</Filter>
    </ClInclude>
    <ClInclude Include="..\..\WT0014\system\sequencer.h">
      <Filter>Header Files\System</Filter>
    </ClInclude>
    <ClInclude Include="..\..\WT0014\system\svn_info.h">
      <Filter>Header Files\System</Filter>
    </ClInclude>
    <ClInclude Include="..\..\WT0014\system\sys_ckman.h">
      <Filter>Header Files\System</Filter>
    </ClInclude>
    <ClInclude Include="..\..\WT0014\system\sys_constant.h">
      <Filter>Header Files\System</Filter>
    </ClInclude>
    <ClInclude Include="..\..\WT0014\system\sys_dfe_ext.h">
      <Filter>Header Files\System</Filter>
    </ClInclude>
    <ClInclude Include="..\..\WT0014\system\sys_dma.h">
      <Filter>Header Files\System</Filter>
    </ClInclude>
    <ClInclude Include="..\..\WT0014\system\sys_dump.h">
      <Filter>Header Files\System</Filter>
    </ClInclude>
    <ClInclude Include="..\..\WT0014\system\sys_emif2apb.h">
      <Filter>Header Files\System</Filter>
    </ClInclude>
    <ClInclude Include="..\..\WT0014\system\sys_env_var.h">
      <Filter>Header Files\System</Filter>
    </ClInclude>
    <ClInclude Include="..\..\WT0014\system\sys_fsk.h">
      <Filter>Header Files\System</Filter>
    </ClInclude>
    <ClInclude Include="..\..\WT0014\system\sys_fw_loader.h">
      <Filter>Header Files\System</Filter>
    </ClInclude>
    <ClInclude Include="..\..\WT0014\system\sys_gpio.h">
      <Filter>Header Files\System</Filter>
    </ClInclude>
    <ClInclude Include="..\..\WT0014\system\sys_hid_i2c.h">
      <Filter>Header Files\System</Filter>
    </ClInclude>
    <ClInclude Include="..\..\WT0014\system\sys_i2c_slaver.h">
      <Filter>Header Files\System</Filter>
    </ClInclude>
    <ClInclude Include="..\..\WT0014\system\sys_register.h">
      <Filter>Header Files\System</Filter>
    </ClInclude>
    <ClInclude Include="..\..\WT0014\system\sys_spi_master.h">
      <Filter>Header Files\System</Filter>
    </ClInclude>
    <ClInclude Include="..\..\WT0014\system\sys_spi_slaver.h">
      <Filter>Header Files\System</Filter>
    </ClInclude>
    <ClInclude Include="..\..\WT0014\system\sys_spiflash.h">
      <Filter>Header Files\System</Filter>
    </ClInclude>
    <ClInclude Include="..\..\WT0014\system\sys_swmx.h">
      <Filter>Header Files\System</Filter>
    </ClInclude>
    <ClInclude Include="..\..\WT0014\system\sys_timer.h">
      <Filter>Header Files\System</Filter>
    </ClInclude>
    <ClInclude Include="..\..\WT0014\system\sys_types.h">
      <Filter>Header Files\System</Filter>
    </ClInclude>
    <ClInclude Include="..\..\WT0014\system\sys_uart.h">
      <Filter>Header Files\System</Filter>
    </ClInclude>
    <ClInclude Include="..\..\WT0014\system\sys_usb.h">
      <Filter>Header Files\System</Filter>
    </ClInclude>
    <ClInclude Include="..\..\WT0014\system\sys_usb_descriptor.h">
      <Filter>Header Files\System</Filter>
    </ClInclude>
    <ClInclude Include="..\..\WT0014\system\sys_util.h">
      <Filter>Header Files\System</Filter>
    </ClInclude>
    <ClInclude Include="..\..\WT0014\system\sys_watchdog.h">
      <Filter>Header Files\System</Filter>
    </ClInclude>
    <ClInclude Include="..\..\WT0014\system\touch_sensor.h">
      <Filter>Header Files\System</Filter>
    </ClInclude>
    <ClInclude Include="..\..\WT0014\system\touch_sensor_config.h">
      <Filter>Header Files\System</Filter>
    </ClInclude>
    <ClInclude Include="..\..\WT0014\system\vndcmd.h">
      <Filter>Header Files\System</Filter>
    </ClInclude>
    <ClInclude Include="..\..\WT0014\rom\sys_reloc_data.h">
      <Filter>Header Files\Rom</Filter>
    </ClInclude>
    <ClInclude Include="..\..\WT0014\pen\interpolator.h">
      <Filter>Header Files\Pen</Filter>
    </ClInclude>
    <ClInclude Include="..\..\WT0014\pen\pen.h">
      <Filter>Header Files\Pen</Filter>
    </ClInclude>
    <ClInclude Include="..\..\WT0014\pen\pen_daq.h">
      <Filter>Header Files\Pen</Filter>
    </ClInclude>
    <ClInclude Include="..\..\WT0014\pen\pen_proc.h">
      <Filter>Header Files\Pen</Filter>
    </ClInclude>
    <ClInclude Include="..\..\WT0014\pen\tracker.h">
      <Filter>Header Files\Pen</Filter>
    </ClInclude>
    <ClInclude Include="..\..\WT0014\mp\mp_tool.h">
      <Filter>Header Files\MP</Filter>
    </ClInclude>
    <ClInclude Include="..\..\WT0014\iTouch\itouch_interface.h">
      <Filter>Header Files\iTouch</Filter>
    </ClInclude>
  </ItemGroup>
  <ItemGroup>
    <ClCompile Include="..\..\WT0014\touch\algo_framebuffers.c">
      <Filter>Source Files\Touch</Filter>
    </ClCompile>
    <ClCompile Include="..\..\WT0014\touch\algo_freq_hopping.c">
      <Filter>Source Files\Touch</Filter>
    </ClCompile>
    <ClCompile Include="..\..\WT0014\touch\algo_postprocessing.c">
      <Filter>Source Files\Touch</Filter>
    </ClCompile>
    <ClCompile Include="..\..\WT0014\touch\algo_process.c">
      <Filter>Source Files\Touch</Filter>
    </ClCompile>
    <ClCompile Include="..\..\WT0014\touch\algo_tracking_core.c">
      <Filter>Source Files\Touch</Filter>
    </ClCompile>
    <ClCompile Include="..\..\WT0014\touch\algo_tracking_main.c">
      <Filter>Source Files\Touch</Filter>
    </ClCompile>
    <ClCompile Include="..\..\WT0014\touch\algo_whck.c">
      <Filter>Source Files\Touch</Filter>
    </ClCompile>
    <ClCompile Include="..\..\WT0014\touch\touch.c">
      <Filter>Source Files\Touch</Filter>
    </ClCompile>
    <ClCompile Include="..\..\WT0014\touch\touch_detection.c">
      <Filter>Source Files\Touch</Filter>
    </ClCompile>
    <ClCompile Include="..\..\WT0014\touch\touch_misc.c">
      <Filter>Source Files\Touch</Filter>
    </ClCompile>
    <ClCompile Include="..\..\WT0014\touch\touch_region.c">
      <Filter>Source Files\Touch</Filter>
    </ClCompile>
    <ClCompile Include="..\..\WT0014\system\cmd_mode.c">
      <Filter>Source Files\System</Filter>
    </ClCompile>
    <ClCompile Include="..\..\WT0014\system\conf_auto.c">
      <Filter>Source Files\System</Filter>
    </ClCompile>
    <ClCompile Include="..\..\WT0014\system\conf_main.c">
      <Filter>Source Files\System</Filter>
    </ClCompile>
    <ClCompile Include="..\..\WT0014\system\ctrl_main.c">
      <Filter>Source Files\System</Filter>
    </ClCompile>
    <ClCompile Include="..\..\WT0014\system\fifo.c">
      <Filter>Source Files\System</Filter>
    </ClCompile>
    <ClCompile Include="..\..\WT0014\system\hid_comm.c">
      <Filter>Source Files\System</Filter>
    </ClCompile>
    <ClCompile Include="..\..\WT0014\system\main.c">
      <Filter>Source Files\System</Filter>
    </ClCompile>
    <ClCompile Include="..\..\WT0014\system\noise_detect_mode.c">
      <Filter>Source Files\System</Filter>
    </ClCompile>
    <ClCompile Include="..\..\WT0014\system\overlay_manager.c">
      <Filter>Source Files\System</Filter>
    </ClCompile>
    <ClCompile Include="..\..\WT0014\system\pen_sensor.c">
      <Filter>Source Files\System</Filter>
    </ClCompile>
    <ClCompile Include="..\..\WT0014\system\pen_sensor_config.c">
      <Filter>Source Files\System</Filter>
    </ClCompile>
    <ClCompile Include="..\..\WT0014\system\sequencer.c">
      <Filter>Source Files\System</Filter>
    </ClCompile>
    <ClCompile Include="..\..\WT0014\system\sys_ckman.c">
      <Filter>Source Files\System</Filter>
    </ClCompile>
    <ClCompile Include="..\..\WT0014\system\sys_dfe_ext.c">
      <Filter>Source Files\System</Filter>
    </ClCompile>
    <ClCompile Include="..\..\WT0014\system\sys_dma.c">
      <Filter>Source Files\System</Filter>
    </ClCompile>
    <ClCompile Include="..\..\WT0014\system\sys_dump.c">
      <Filter>Source Files\System</Filter>
    </ClCompile>
    <ClCompile Include="..\..\WT0014\system\sys_emif2apb.c">
      <Filter>Source Files\System</Filter>
    </ClCompile>
    <ClCompile Include="..\..\WT0014\system\sys_env_var.c">
      <Filter>Source Files\System</Filter>
    </ClCompile>
    <ClCompile Include="..\..\WT0014\system\sys_fsk.c">
      <Filter>Source Files\System</Filter>
    </ClCompile>
    <ClCompile Include="..\..\WT0014\system\sys_gpio.c">
      <Filter>Source Files\System</Filter>
    </ClCompile>
    <ClCompile Include="..\..\WT0014\system\sys_hid_i2c.c">
      <Filter>Source Files\System</Filter>
    </ClCompile>
    <ClCompile Include="..\..\WT0014\system\sys_i2c_slaver.c">
      <Filter>Source Files\System</Filter>
    </ClCompile>
    <ClCompile Include="..\..\WT0014\system\sys_irq.c">
      <Filter>Source Files\System</Filter>
    </ClCompile>
    <ClCompile Include="..\..\WT0014\system\sys_spi_master.c">
      <Filter>Source Files\System</Filter>
    </ClCompile>
    <ClCompile Include="..\..\WT0014\system\sys_spi_slaver.c">
      <Filter>Source Files\System</Filter>
    </ClCompile>
    <ClCompile Include="..\..\WT0014\system\sys_spiflash.c">
      <Filter>Source Files\System</Filter>
    </ClCompile>
    <ClCompile Include="..\..\WT0014\system\sys_swmx.c">
      <Filter>Source Files\System</Filter>
    </ClCompile>
    <ClCompile Include="..\..\WT0014\system\sys_timer.c">
      <Filter>Source Files\System</Filter>
    </ClCompile>
    <ClCompile Include="..\..\WT0014\system\sys_uart.c">
      <Filter>Source Files\System</Filter>
    </ClCompile>
    <ClCompile Include="..\..\WT0014\system\sys_usb.c">
      <Filter>Source Files\System</Filter>
    </ClCompile>
    <ClCompile Include="..\..\WT0014\system\sys_usb_descriptor.c">
      <Filter>Source Files\System</Filter>
    </ClCompile>
    <ClCompile Include="..\..\WT0014\system\sys_util.c">
      <Filter>Source Files\System</Filter>
    </ClCompile>
    <ClCompile Include="..\..\WT0014\system\sys_watchdog.c">
      <Filter>Source Files\System</Filter>
    </ClCompile>
    <ClCompile Include="..\..\WT0014\system\touch_sensor.c">
      <Filter>Source Files\System</Filter>
    </ClCompile>
    <ClCompile Include="..\..\WT0014\system\touch_sensor_config.c">
      <Filter>Source Files\System</Filter>
    </ClCompile>
    <ClCompile Include="..\..\WT0014\system\user_irq.c">
      <Filter>Source Files\System</Filter>
    </ClCompile>
    <ClCompile Include="..\..\WT0014\system\vndcmd.c">
      <Filter>Source Files\System</Filter>
    </ClCompile>
    <ClCompile Include="..\..\WT0014\pen\interpolator.c">
      <Filter>Source Files\Pen</Filter>
    </ClCompile>
    <ClCompile Include="..\..\WT0014\pen\pen.c">
      <Filter>Source Files\Pen</Filter>
    </ClCompile>
    <ClCompile Include="..\..\WT0014\pen\pen_daq.c">
      <Filter>Source Files\Pen</Filter>
    </ClCompile>
    <ClCompile Include="..\..\WT0014\pen\pen_proc.c">
      <Filter>Source Files\Pen</Filter>
    </ClCompile>
    <ClCompile Include="..\..\WT0014\pen\tracker.c">
      <Filter>Source Files\Pen</Filter>
    </ClCompile>
    <ClCompile Include="dllmain.c">
      <Filter>Source Files</Filter>
    </ClCompile>
    <ClCompile Include="pch.c">
      <Filter>Source Files</Filter>
    </ClCompile>
  </ItemGroup>
</Project>